// !$*UTF8*$!
{
	archiveVersion = 1;
	classes = {
	};
	objectVersion = 46;
	objects = {

/* Begin PBXBuildFile section */
		F701D5201D925F4500F72211 /* main.m in Sources */ = {isa = PBXBuildFile; fileRef = F701D51F1D925F4500F72211 /* main.m */; };
		F701D5231D925F4500F72211 /* AppDelegate.m in Sources */ = {isa = PBXBuildFile; fileRef = F701D5221D925F4500F72211 /* AppDelegate.m */; };
		F701D5261D925F4500F72211 /* ViewController.m in Sources */ = {isa = PBXBuildFile; fileRef = F701D5251D925F4500F72211 /* ViewController.m */; };
		F701D5291D925F4500F72211 /* Main.storyboard in Resources */ = {isa = PBXBuildFile; fileRef = F701D5271D925F4500F72211 /* Main.storyboard */; };
		F701D52C1D925F4500F72211 /* News163.xcdatamodeld in Sources */ = {isa = PBXBuildFile; fileRef = F701D52A1D925F4500F72211 /* News163.xcdatamodeld */; };
		F701D52E1D925F4500F72211 /* Assets.xcassets in Resources */ = {isa = PBXBuildFile; fileRef = F701D52D1D925F4500F72211 /* Assets.xcassets */; };
		F701D5311D925F4500F72211 /* LaunchScreen.storyboard in Resources */ = {isa = PBXBuildFile; fileRef = F701D52F1D925F4500F72211 /* LaunchScreen.storyboard */; };
		F701D53C1D925F4500F72211 /* News163Tests.m in Sources */ = {isa = PBXBuildFile; fileRef = F701D53B1D925F4500F72211 /* News163Tests.m */; };
		F701D5471D925F4500F72211 /* News163UITests.m in Sources */ = {isa = PBXBuildFile; fileRef = F701D5461D925F4500F72211 /* News163UITests.m */; };
/* End PBXBuildFile section */

/* Begin PBXContainerItemProxy section */
		F701D5381D925F4500F72211 /* PBXContainerItemProxy */ = {
			isa = PBXContainerItemProxy;
			containerPortal = F701D5131D925F4500F72211 /* Project object */;
			proxyType = 1;
			remoteGlobalIDString = F701D51A1D925F4500F72211;
			remoteInfo = News163;
		};
		F701D5431D925F4500F72211 /* PBXContainerItemProxy */ = {
			isa = PBXContainerItemProxy;
			containerPortal = F701D5131D925F4500F72211 /* Project object */;
			proxyType = 1;
			remoteGlobalIDString = F701D51A1D925F4500F72211;
			remoteInfo = News163;
		};
/* End PBXContainerItemProxy section */

/* Begin PBXFileReference section */
		F701D51B1D925F4500F72211 /* News163.app */ = {isa = PBXFileReference; explicitFileType = wrapper.application; includeInIndex = 0; path = News163.app; sourceTree = BUILT_PRODUCTS_DIR; };
		F701D51F1D925F4500F72211 /* main.m */ = {isa = PBXFileReference; lastKnownFileType = sourcecode.c.objc; path = main.m; sourceTree = "<group>"; };
		F701D5211D925F4500F72211 /* AppDelegate.h */ = {isa = PBXFileReference; lastKnownFileType = sourcecode.c.h; path = AppDelegate.h; sourceTree = "<group>"; };
		F701D5221D925F4500F72211 /* AppDelegate.m */ = {isa = PBXFileReference; lastKnownFileType = sourcecode.c.objc; path = AppDelegate.m; sourceTree = "<group>"; };
		F701D5241D925F4500F72211 /* ViewController.h */ = {isa = PBXFileReference; lastKnownFileType = sourcecode.c.h; path = ViewController.h; sourceTree = "<group>"; };
		F701D5251D925F4500F72211 /* ViewController.m */ = {isa = PBXFileReference; lastKnownFileType = sourcecode.c.objc; path = ViewController.m; sourceTree = "<group>"; };
		F701D5281D925F4500F72211 /* Base */ = {isa = PBXFileReference; lastKnownFileType = file.storyboard; name = Base; path = Base.lproj/Main.storyboard; sourceTree = "<group>"; };
		F701D52B1D925F4500F72211 /* News163.xcdatamodel */ = {isa = PBXFileReference; lastKnownFileType = wrapper.xcdatamodel; path = News163.xcdatamodel; sourceTree = "<group>"; };
		F701D52D1D925F4500F72211 /* Assets.xcassets */ = {isa = PBXFileReference; lastKnownFileType = folder.assetcatalog; path = Assets.xcassets; sourceTree = "<group>"; };
		F701D5301D925F4500F72211 /* Base */ = {isa = PBXFileReference; lastKnownFileType = file.storyboard; name = Base; path = Base.lproj/LaunchScreen.storyboard; sourceTree = "<group>"; };
		F701D5321D925F4500F72211 /* Info.plist */ = {isa = PBXFileReference; lastKnownFileType = text.plist.xml; path = Info.plist; sourceTree = "<group>"; };
		F701D5371D925F4500F72211 /* News163Tests.xctest */ = {isa = PBXFileReference; explicitFileType = wrapper.cfbundle; includeInIndex = 0; path = News163Tests.xctest; sourceTree = BUILT_PRODUCTS_DIR; };
		F701D53B1D925F4500F72211 /* News163Tests.m */ = {isa = PBXFileReference; lastKnownFileType = sourcecode.c.objc; path = News163Tests.m; sourceTree = "<group>"; };
		F701D53D1D925F4500F72211 /* Info.plist */ = {isa = PBXFileReference; lastKnownFileType = text.plist.xml; path = Info.plist; sourceTree = "<group>"; };
		F701D5421D925F4500F72211 /* News163UITests.xctest */ = {isa = PBXFileReference; explicitFileType = wrapper.cfbundle; includeInIndex = 0; path = News163UITests.xctest; sourceTree = BUILT_PRODUCTS_DIR; };
		F701D5461D925F4500F72211 /* News163UITests.m */ = {isa = PBXFileReference; lastKnownFileType = sourcecode.c.objc; path = News163UITests.m; sourceTree = "<group>"; };
		F701D5481D925F4500F72211 /* Info.plist */ = {isa = PBXFileReference; lastKnownFileType = text.plist.xml; path = Info.plist; sourceTree = "<group>"; };
/* End PBXFileReference section */

/* Begin PBXFrameworksBuildPhase section */
		F701D5181D925F4500F72211 /* Frameworks */ = {
			isa = PBXFrameworksBuildPhase;
			buildActionMask = 2147483647;
			files = (
			);
			runOnlyForDeploymentPostprocessing = 0;
		};
		F701D5341D925F4500F72211 /* Frameworks */ = {
			isa = PBXFrameworksBuildPhase;
			buildActionMask = 2147483647;
			files = (
			);
			runOnlyForDeploymentPostprocessing = 0;
		};
		F701D53F1D925F4500F72211 /* Frameworks */ = {
			isa = PBXFrameworksBuildPhase;
			buildActionMask = 2147483647;
			files = (
			);
			runOnlyForDeploymentPostprocessing = 0;
		};
/* End PBXFrameworksBuildPhase section */

/* Begin PBXGroup section */
		F701D5121D925F4500F72211 = {
			isa = PBXGroup;
			children = (
				F701D51D1D925F4500F72211 /* News163 */,
				F701D53A1D925F4500F72211 /* News163Tests */,
				F701D5451D925F4500F72211 /* News163UITests */,
				F701D51C1D925F4500F72211 /* Products */,
			);
			sourceTree = "<group>";
		};
		F701D51C1D925F4500F72211 /* Products */ = {
			isa = PBXGroup;
			children = (
				F701D51B1D925F4500F72211 /* News163.app */,
				F701D5371D925F4500F72211 /* News163Tests.xctest */,
				F701D5421D925F4500F72211 /* News163UITests.xctest */,
			);
			name = Products;
			sourceTree = "<group>";
		};
		F701D51D1D925F4500F72211 /* News163 */ = {
			isa = PBXGroup;
			children = (
				F701D5211D925F4500F72211 /* AppDelegate.h */,
				F701D5221D925F4500F72211 /* AppDelegate.m */,
				F701D5241D925F4500F72211 /* ViewController.h */,
				F701D5251D925F4500F72211 /* ViewController.m */,
				F701D5271D925F4500F72211 /* Main.storyboard */,
				F701D52D1D925F4500F72211 /* Assets.xcassets */,
				F701D52F1D925F4500F72211 /* LaunchScreen.storyboard */,
				F701D5321D925F4500F72211 /* Info.plist */,
				F701D52A1D925F4500F72211 /* News163.xcdatamodeld */,
				F701D51E1D925F4500F72211 /* Supporting Files */,
			);
			path = News163;
			sourceTree = "<group>";
		};
		F701D51E1D925F4500F72211 /* Supporting Files */ = {
			isa = PBXGroup;
			children = (
				F701D51F1D925F4500F72211 /* main.m */,
			);
			name = "Supporting Files";
			sourceTree = "<group>";
		};
		F701D53A1D925F4500F72211 /* News163Tests */ = {
			isa = PBXGroup;
			children = (
				F701D53B1D925F4500F72211 /* News163Tests.m */,
				F701D53D1D925F4500F72211 /* Info.plist */,
			);
			path = News163Tests;
			sourceTree = "<group>";
		};
		F701D5451D925F4500F72211 /* News163UITests */ = {
			isa = PBXGroup;
			children = (
				F701D5461D925F4500F72211 /* News163UITests.m */,
				F701D5481D925F4500F72211 /* Info.plist */,
			);
			path = News163UITests;
			sourceTree = "<group>";
		};
/* End PBXGroup section */

/* Begin PBXNativeTarget section */
		F701D51A1D925F4500F72211 /* News163 */ = {
			isa = PBXNativeTarget;
			buildConfigurationList = F701D54B1D925F4500F72211 /* Build configuration list for PBXNativeTarget "News163" */;
			buildPhases = (
				F701D5171D925F4500F72211 /* Sources */,
				F701D5181D925F4500F72211 /* Frameworks */,
				F701D5191D925F4500F72211 /* Resources */,
			);
			buildRules = (
			);
			dependencies = (
			);
			name = News163;
			productName = News163;
			productReference = F701D51B1D925F4500F72211 /* News163.app */;
			productType = "com.apple.product-type.application";
		};
		F701D5361D925F4500F72211 /* News163Tests */ = {
			isa = PBXNativeTarget;
			buildConfigurationList = F701D54E1D925F4500F72211 /* Build configuration list for PBXNativeTarget "News163Tests" */;
			buildPhases = (
				F701D5331D925F4500F72211 /* Sources */,
				F701D5341D925F4500F72211 /* Frameworks */,
				F701D5351D925F4500F72211 /* Resources */,
			);
			buildRules = (
			);
			dependencies = (
				F701D5391D925F4500F72211 /* PBXTargetDependency */,
			);
			name = News163Tests;
			productName = News163Tests;
			productReference = F701D5371D925F4500F72211 /* News163Tests.xctest */;
			productType = "com.apple.product-type.bundle.unit-test";
		};
		F701D5411D925F4500F72211 /* News163UITests */ = {
			isa = PBXNativeTarget;
			buildConfigurationList = F701D5511D925F4500F72211 /* Build configuration list for PBXNativeTarget "News163UITests" */;
			buildPhases = (
				F701D53E1D925F4500F72211 /* Sources */,
				F701D53F1D925F4500F72211 /* Frameworks */,
				F701D5401D925F4500F72211 /* Resources */,
			);
			buildRules = (
			);
			dependencies = (
				F701D5441D925F4500F72211 /* PBXTargetDependency */,
			);
			name = News163UITests;
			productName = News163UITests;
			productReference = F701D5421D925F4500F72211 /* News163UITests.xctest */;
			productType = "com.apple.product-type.bundle.ui-testing";
		};
/* End PBXNativeTarget section */

/* Begin PBXProject section */
		F701D5131D925F4500F72211 /* Project object */ = {
			isa = PBXProject;
			attributes = {
				LastUpgradeCheck = 0800;
				ORGANIZATIONNAME = "张晨";
				TargetAttributes = {
					F701D51A1D925F4500F72211 = {
						CreatedOnToolsVersion = 8.0;
						DevelopmentTeam = 2YW3ZFECE5;
						ProvisioningStyle = Automatic;
					};
					F701D5361D925F4500F72211 = {
						CreatedOnToolsVersion = 8.0;
						DevelopmentTeam = 2YW3ZFECE5;
						ProvisioningStyle = Automatic;
						TestTargetID = F701D51A1D925F4500F72211;
					};
					F701D5411D925F4500F72211 = {
						CreatedOnToolsVersion = 8.0;
						DevelopmentTeam = 2YW3ZFECE5;
						ProvisioningStyle = Automatic;
						TestTargetID = F701D51A1D925F4500F72211;
					};
				};
			};
			buildConfigurationList = F701D5161D925F4500F72211 /* Build configuration list for PBXProject "News163" */;
			compatibilityVersion = "Xcode 3.2";
			developmentRegion = English;
			hasScannedForEncodings = 0;
			knownRegions = (
				en,
				Base,
			);
			mainGroup = F701D5121D925F4500F72211;
			productRefGroup = F701D51C1D925F4500F72211 /* Products */;
			projectDirPath = "";
			projectRoot = "";
			targets = (
				F701D51A1D925F4500F72211 /* News163 */,
				F701D5361D925F4500F72211 /* News163Tests */,
				F701D5411D925F4500F72211 /* News163UITests */,
			);
		};
/* End PBXProject section */

/* Begin PBXResourcesBuildPhase section */
		F701D5191D925F4500F72211 /* Resources */ = {
			isa = PBXResourcesBuildPhase;
			buildActionMask = 2147483647;
			files = (
				F701D5311D925F4500F72211 /* LaunchScreen.storyboard in Resources */,
				F701D52E1D925F4500F72211 /* Assets.xcassets in Resources */,
				F701D5291D925F4500F72211 /* Main.storyboard in Resources */,
			);
			runOnlyForDeploymentPostprocessing = 0;
		};
		F701D5351D925F4500F72211 /* Resources */ = {
			isa = PBXResourcesBuildPhase;
			buildActionMask = 2147483647;
			files = (
			);
			runOnlyForDeploymentPostprocessing = 0;
		};
		F701D5401D925F4500F72211 /* Resources */ = {
			isa = PBXResourcesBuildPhase;
			buildActionMask = 2147483647;
			files = (
			);
			runOnlyForDeploymentPostprocessing = 0;
		};
/* End PBXResourcesBuildPhase section */

/* Begin PBXSourcesBuildPhase section */
		F701D5171D925F4500F72211 /* Sources */ = {
			isa = PBXSourcesBuildPhase;
			buildActionMask = 2147483647;
			files = (
				F701D5261D925F4500F72211 /* ViewController.m in Sources */,
				F701D5231D925F4500F72211 /* AppDelegate.m in Sources */,
				F701D5201D925F4500F72211 /* main.m in Sources */,
				F701D52C1D925F4500F72211 /* News163.xcdatamodeld in Sources */,
			);
			runOnlyForDeploymentPostprocessing = 0;
		};
		F701D5331D925F4500F72211 /* Sources */ = {
			isa = PBXSourcesBuildPhase;
			buildActionMask = 2147483647;
			files = (
				F701D53C1D925F4500F72211 /* News163Tests.m in Sources */,
			);
			runOnlyForDeploymentPostprocessing = 0;
		};
		F701D53E1D925F4500F72211 /* Sources */ = {
			isa = PBXSourcesBuildPhase;
			buildActionMask = 2147483647;
			files = (
				F701D5471D925F4500F72211 /* News163UITests.m in Sources */,
			);
			runOnlyForDeploymentPostprocessing = 0;
		};
/* End PBXSourcesBuildPhase section */

/* Begin PBXTargetDependency section */
		F701D5391D925F4500F72211 /* PBXTargetDependency */ = {
			isa = PBXTargetDependency;
			target = F701D51A1D925F4500F72211 /* News163 */;
			targetProxy = F701D5381D925F4500F72211 /* PBXContainerItemProxy */;
		};
		F701D5441D925F4500F72211 /* PBXTargetDependency */ = {
			isa = PBXTargetDependency;
			target = F701D51A1D925F4500F72211 /* News163 */;
			targetProxy = F701D5431D925F4500F72211 /* PBXContainerItemProxy */;
		};
/* End PBXTargetDependency section */

/* Begin PBXVariantGroup section */
		F701D5271D925F4500F72211 /* Main.storyboard */ = {
			isa = PBXVariantGroup;
			children = (
				F701D5281D925F4500F72211 /* Base */,
			);
			name = Main.storyboard;
			sourceTree = "<group>";
		};
		F701D52F1D925F4500F72211 /* LaunchScreen.storyboard */ = {
			isa = PBXVariantGroup;
			children = (
				F701D5301D925F4500F72211 /* Base */,
			);
			name = LaunchScreen.storyboard;
			sourceTree = "<group>";
		};
/* End PBXVariantGroup section */

/* Begin XCBuildConfiguration section */
		F701D5491D925F4500F72211 /* Debug */ = {
			isa = XCBuildConfiguration;
			buildSettings = {
				ALWAYS_SEARCH_USER_PATHS = NO;
				CLANG_ANALYZER_NONNULL = YES;
				CLANG_CXX_LANGUAGE_STANDARD = "gnu++0x";
				CLANG_CXX_LIBRARY = "libc++";
				CLANG_ENABLE_MODULES = YES;
				CLANG_ENABLE_OBJC_ARC = YES;
				CLANG_WARN_BOOL_CONVERSION = YES;
				CLANG_WARN_CONSTANT_CONVERSION = YES;
				CLANG_WARN_DIRECT_OBJC_ISA_USAGE = YES_ERROR;
				CLANG_WARN_DOCUMENTATION_COMMENTS = YES;
				CLANG_WARN_EMPTY_BODY = YES;
				CLANG_WARN_ENUM_CONVERSION = YES;
				CLANG_WARN_INFINITE_RECURSION = YES;
				CLANG_WARN_INT_CONVERSION = YES;
				CLANG_WARN_OBJC_ROOT_CLASS = YES_ERROR;
				CLANG_WARN_SUSPICIOUS_MOVES = YES;
				CLANG_WARN_UNREACHABLE_CODE = YES;
				CLANG_WARN__DUPLICATE_METHOD_MATCH = YES;
				"CODE_SIGN_IDENTITY[sdk=iphoneos*]" = "iPhone Developer";
				COPY_PHASE_STRIP = NO;
				DEBUG_INFORMATION_FORMAT = dwarf;
				ENABLE_STRICT_OBJC_MSGSEND = YES;
				ENABLE_TESTABILITY = YES;
				GCC_C_LANGUAGE_STANDARD = gnu99;
				GCC_DYNAMIC_NO_PIC = NO;
				GCC_NO_COMMON_BLOCKS = YES;
				GCC_OPTIMIZATION_LEVEL = 0;
				GCC_PREPROCESSOR_DEFINITIONS = (
					"DEBUG=1",
					"$(inherited)",
				);
				GCC_WARN_64_TO_32_BIT_CONVERSION = YES;
				GCC_WARN_ABOUT_RETURN_TYPE = YES_ERROR;
				GCC_WARN_UNDECLARED_SELECTOR = YES;
				GCC_WARN_UNINITIALIZED_AUTOS = YES_AGGRESSIVE;
				GCC_WARN_UNUSED_FUNCTION = YES;
				GCC_WARN_UNUSED_VARIABLE = YES;
				IPHONEOS_DEPLOYMENT_TARGET = 10.0;
				MTL_ENABLE_DEBUG_INFO = YES;
				ONLY_ACTIVE_ARCH = YES;
				SDKROOT = iphoneos;
			};
			name = Debug;
		};
		F701D54A1D925F4500F72211 /* Release */ = {
			isa = XCBuildConfiguration;
			buildSettings = {
				ALWAYS_SEARCH_USER_PATHS = NO;
				CLANG_ANALYZER_NONNULL = YES;
				CLANG_CXX_LANGUAGE_STANDARD = "gnu++0x";
				CLANG_CXX_LIBRARY = "libc++";
				CLANG_ENABLE_MODULES = YES;
				CLANG_ENABLE_OBJC_ARC = YES;
				CLANG_WARN_BOOL_CONVERSION = YES;
				CLANG_WARN_CONSTANT_CONVERSION = YES;
				CLANG_WARN_DIRECT_OBJC_ISA_USAGE = YES_ERROR;
				CLANG_WARN_DOCUMENTATION_COMMENTS = YES;
				CLANG_WARN_EMPTY_BODY = YES;
				CLANG_WARN_ENUM_CONVERSION = YES;
				CLANG_WARN_INFINITE_RECURSION = YES;
				CLANG_WARN_INT_CONVERSION = YES;
				CLANG_WARN_OBJC_ROOT_CLASS = YES_ERROR;
				CLANG_WARN_SUSPICIOUS_MOVES = YES;
				CLANG_WARN_UNREACHABLE_CODE = YES;
				CLANG_WARN__DUPLICATE_METHOD_MATCH = YES;
				"CODE_SIGN_IDENTITY[sdk=iphoneos*]" = "iPhone Developer";
				COPY_PHASE_STRIP = NO;
				DEBUG_INFORMATION_FORMAT = "dwarf-with-dsym";
				ENABLE_NS_ASSERTIONS = NO;
				ENABLE_STRICT_OBJC_MSGSEND = YES;
				GCC_C_LANGUAGE_STANDARD = gnu99;
				GCC_NO_COMMON_BLOCKS = YES;
				GCC_WARN_64_TO_32_BIT_CONVERSION = YES;
				GCC_WARN_ABOUT_RETURN_TYPE = YES_ERROR;
				GCC_WARN_UNDECLARED_SELECTOR = YES;
				GCC_WARN_UNINITIALIZED_AUTOS = YES_AGGRESSIVE;
				GCC_WARN_UNUSED_FUNCTION = YES;
				GCC_WARN_UNUSED_VARIABLE = YES;
				IPHONEOS_DEPLOYMENT_TARGET = 10.0;
				MTL_ENABLE_DEBUG_INFO = NO;
				SDKROOT = iphoneos;
				VALIDATE_PRODUCT = YES;
			};
			name = Release;
		};
		F701D54C1D925F4500F72211 /* Debug */ = {
			isa = XCBuildConfiguration;
			buildSettings = {
				ASSETCATALOG_COMPILER_APPICON_NAME = AppIcon;
				DEVELOPMENT_TEAM = 2YW3ZFECE5;
				INFOPLIST_FILE = News163/Info.plist;
				LD_RUNPATH_SEARCH_PATHS = "$(inherited) @executable_path/Frameworks";
				PRODUCT_BUNDLE_IDENTIFIER = com.zhangchen.News163;
				PRODUCT_NAME = "$(TARGET_NAME)";
			};
			name = Debug;
		};
		F701D54D1D925F4500F72211 /* Release */ = {
			isa = XCBuildConfiguration;
			buildSettings = {
				ASSETCATALOG_COMPILER_APPICON_NAME = AppIcon;
				DEVELOPMENT_TEAM = 2YW3ZFECE5;
				INFOPLIST_FILE = News163/Info.plist;
				LD_RUNPATH_SEARCH_PATHS = "$(inherited) @executable_path/Frameworks";
				PRODUCT_BUNDLE_IDENTIFIER = com.zhangchen.News163;
				PRODUCT_NAME = "$(TARGET_NAME)";
			};
			name = Release;
		};
		F701D54F1D925F4500F72211 /* Debug */ = {
			isa = XCBuildConfiguration;
			buildSettings = {
				BUNDLE_LOADER = "$(TEST_HOST)";
				DEVELOPMENT_TEAM = 2YW3ZFECE5;
				INFOPLIST_FILE = News163Tests/Info.plist;
				LD_RUNPATH_SEARCH_PATHS = "$(inherited) @executable_path/Frameworks @loader_path/Frameworks";
				PRODUCT_BUNDLE_IDENTIFIER = com.zhangchen.News163Tests;
				PRODUCT_NAME = "$(TARGET_NAME)";
				TEST_HOST = "$(BUILT_PRODUCTS_DIR)/News163.app/News163";
			};
			name = Debug;
		};
		F701D5501D925F4500F72211 /* Release */ = {
			isa = XCBuildConfiguration;
			buildSettings = {
				BUNDLE_LOADER = "$(TEST_HOST)";
				DEVELOPMENT_TEAM = 2YW3ZFECE5;
				INFOPLIST_FILE = News163Tests/Info.plist;
				LD_RUNPATH_SEARCH_PATHS = "$(inherited) @executable_path/Frameworks @loader_path/Frameworks";
				PRODUCT_BUNDLE_IDENTIFIER = com.zhangchen.News163Tests;
				PRODUCT_NAME = "$(TARGET_NAME)";
				TEST_HOST = "$(BUILT_PRODUCTS_DIR)/News163.app/News163";
			};
			name = Release;
		};
		F701D5521D925F4500F72211 /* Debug */ = {
			isa = XCBuildConfiguration;
			buildSettings = {
				DEVELOPMENT_TEAM = 2YW3ZFECE5;
				INFOPLIST_FILE = News163UITests/Info.plist;
				LD_RUNPATH_SEARCH_PATHS = "$(inherited) @executable_path/Frameworks @loader_path/Frameworks";
				PRODUCT_BUNDLE_IDENTIFIER = com.zhangchen.News163UITests;
				PRODUCT_NAME = "$(TARGET_NAME)";
				TEST_TARGET_NAME = News163;
			};
			name = Debug;
		};
		F701D5531D925F4500F72211 /* Release */ = {
			isa = XCBuildConfiguration;
			buildSettings = {
				DEVELOPMENT_TEAM = 2YW3ZFECE5;
				INFOPLIST_FILE = News163UITests/Info.plist;
				LD_RUNPATH_SEARCH_PATHS = "$(inherited) @executable_path/Frameworks @loader_path/Frameworks";
				PRODUCT_BUNDLE_IDENTIFIER = com.zhangchen.News163UITests;
				PRODUCT_NAME = "$(TARGET_NAME)";
				TEST_TARGET_NAME = News163;
			};
			name = Release;
		};
/* End XCBuildConfiguration section */

/* Begin XCConfigurationList section */
		F701D5161D925F4500F72211 /* Build configuration list for PBXProject "News163" */ = {
			isa = XCConfigurationList;
			buildConfigurations = (
				F701D5491D925F4500F72211 /* Debug */,
				F701D54A1D925F4500F72211 /* Release */,
			);
			defaultConfigurationIsVisible = 0;
			defaultConfigurationName = Release;
		};
		F701D54B1D925F4500F72211 /* Build configuration list for PBXNativeTarget "News163" */ = {
			isa = XCConfigurationList;
			buildConfigurations = (
				F701D54C1D925F4500F72211 /* Debug */,
				F701D54D1D925F4500F72211 /* Release */,
			);
			defaultConfigurationIsVisible = 0;
		};
		F701D54E1D925F4500F72211 /* Build configuration list for PBXNativeTarget "News163Tests" */ = {
			isa = XCConfigurationList;
			buildConfigurations = (
				F701D54F1D925F4500F72211 /* Debug */,
				F701D5501D925F4500F72211 /* Release */,
			);
			defaultConfigurationIsVisible = 0;
		};
		F701D5511D925F4500F72211 /* Build configuration list for PBXNativeTarget "News163UITests" */ = {
			isa = XCConfigurationList;
			buildConfigurations = (
				F701D5521D925F4500F72211 /* Debug */,
				F701D5531D925F4500F72211 /* Release */,
			);
			defaultConfigurationIsVisible = 0;
		};
/* End XCConfigurationList section */

/* Begin XCVersionGroup section */
		F701D52A1D925F4500F72211 /* News163.xcdatamodeld */ = {
			isa = XCVersionGroup;
			children = (
				F701D52B1D925F4500F72211 /* News163.xcdatamodel */,
			);
			currentVersion = F701D52B1D925F4500F72211 /* News163.xcdatamodel */;
			path = News163.xcdatamodeld;
			sourceTree = "<group>";
			versionGroupType = wrapper.xcdatamodel;
		};
/* End XCVersionGroup section */
	};
	rootObject = F701D5131D925F4500F72211 /* Project object */;
}
